// !$*UTF8*$!
{
	archiveVersion = 1;
	classes = {
	};
	objectVersion = 55;
	objects = {

/* Begin PBXBuildFile section */
		02042A5F27892BD70049ADDF /* AppDelegate.swift in Sources */ = {isa = PBXBuildFile; fileRef = 02042A5E27892BD70049ADDF /* AppDelegate.swift */; };
		02042A6127892BD70049ADDF /* SceneDelegate.swift in Sources */ = {isa = PBXBuildFile; fileRef = 02042A6027892BD70049ADDF /* SceneDelegate.swift */; };
		02042A6627892BD70049ADDF /* Main.storyboard in Resources */ = {isa = PBXBuildFile; fileRef = 02042A6427892BD70049ADDF /* Main.storyboard */; };
		02042A6827892BDA0049ADDF /* Assets.xcassets in Resources */ = {isa = PBXBuildFile; fileRef = 02042A6727892BDA0049ADDF /* Assets.xcassets */; };
		02042A6B27892BDA0049ADDF /* LaunchScreen.storyboard in Resources */ = {isa = PBXBuildFile; fileRef = 02042A6927892BDA0049ADDF /* LaunchScreen.storyboard */; };
		02042A7627892BDA0049ADDF /* InstagramTests.swift in Sources */ = {isa = PBXBuildFile; fileRef = 02042A7527892BDA0049ADDF /* InstagramTests.swift */; };
		02042A8027892BDA0049ADDF /* InstagramUITests.swift in Sources */ = {isa = PBXBuildFile; fileRef = 02042A7F27892BDA0049ADDF /* InstagramUITests.swift */; };
		02042A8227892BDA0049ADDF /* InstagramUITestsLaunchTests.swift in Sources */ = {isa = PBXBuildFile; fileRef = 02042A8127892BDA0049ADDF /* InstagramUITestsLaunchTests.swift */; };
		02640AD827927E0600AF5CA5 /* CommentCell.swift in Sources */ = {isa = PBXBuildFile; fileRef = 02640AD727927E0600AF5CA5 /* CommentCell.swift */; };
		02DF4E9127892FF600B8AEF9 /* LoginViewController.swift in Sources */ = {isa = PBXBuildFile; fileRef = 02DF4E9027892FF600B8AEF9 /* LoginViewController.swift */; };
		02DF4E932789300D00B8AEF9 /* FeedViewController.swift in Sources */ = {isa = PBXBuildFile; fileRef = 02DF4E922789300D00B8AEF9 /* FeedViewController.swift */; };
		02E0EE4B27893C1200F07815 /* CameraViewController.swift in Sources */ = {isa = PBXBuildFile; fileRef = 02E0EE4A27893C1200F07815 /* CameraViewController.swift */; };
		02E0EE4D278968D200F07815 /* PostCell.swift in Sources */ = {isa = PBXBuildFile; fileRef = 02E0EE4C278968D200F07815 /* PostCell.swift */; };
		F96C1625D4F004E48771EC48 /* Pods_Instagram.framework in Frameworks */ = {isa = PBXBuildFile; fileRef = 305760B00285DE3116CCCF6F /* Pods_Instagram.framework */; };
/* End PBXBuildFile section */

/* Begin PBXContainerItemProxy section */
		02042A7227892BDA0049ADDF /* PBXContainerItemProxy */ = {
			isa = PBXContainerItemProxy;
			containerPortal = 02042A5327892BD70049ADDF /* Project object */;
			proxyType = 1;
			remoteGlobalIDString = 02042A5A27892BD70049ADDF;
			remoteInfo = Instagram;
		};
		02042A7C27892BDA0049ADDF /* PBXContainerItemProxy */ = {
			isa = PBXContainerItemProxy;
			containerPortal = 02042A5327892BD70049ADDF /* Project object */;
			proxyType = 1;
			remoteGlobalIDString = 02042A5A27892BD70049ADDF;
			remoteInfo = Instagram;
		};
/* End PBXContainerItemProxy section */

/* Begin PBXFileReference section */
		02042A5B27892BD70049ADDF /* Instagram.app */ = {isa = PBXFileReference; explicitFileType = wrapper.application; includeInIndex = 0; path = Instagram.app; sourceTree = BUILT_PRODUCTS_DIR; };
		02042A5E27892BD70049ADDF /* AppDelegate.swift */ = {isa = PBXFileReference; lastKnownFileType = sourcecode.swift; path = AppDelegate.swift; sourceTree = "<group>"; };
		02042A6027892BD70049ADDF /* SceneDelegate.swift */ = {isa = PBXFileReference; lastKnownFileType = sourcecode.swift; path = SceneDelegate.swift; sourceTree = "<group>"; };
		02042A6527892BD70049ADDF /* Base */ = {isa = PBXFileReference; lastKnownFileType = file.storyboard; name = Base; path = Base.lproj/Main.storyboard; sourceTree = "<group>"; };
		02042A6727892BDA0049ADDF /* Assets.xcassets */ = {isa = PBXFileReference; lastKnownFileType = folder.assetcatalog; path = Assets.xcassets; sourceTree = "<group>"; };
		02042A6A27892BDA0049ADDF /* Base */ = {isa = PBXFileReference; lastKnownFileType = file.storyboard; name = Base; path = Base.lproj/LaunchScreen.storyboard; sourceTree = "<group>"; };
		02042A6C27892BDA0049ADDF /* Info.plist */ = {isa = PBXFileReference; lastKnownFileType = text.plist.xml; path = Info.plist; sourceTree = "<group>"; };
		02042A7127892BDA0049ADDF /* InstagramTests.xctest */ = {isa = PBXFileReference; explicitFileType = wrapper.cfbundle; includeInIndex = 0; path = InstagramTests.xctest; sourceTree = BUILT_PRODUCTS_DIR; };
		02042A7527892BDA0049ADDF /* InstagramTests.swift */ = {isa = PBXFileReference; lastKnownFileType = sourcecode.swift; path = InstagramTests.swift; sourceTree = "<group>"; };
		02042A7B27892BDA0049ADDF /* InstagramUITests.xctest */ = {isa = PBXFileReference; explicitFileType = wrapper.cfbundle; includeInIndex = 0; path = InstagramUITests.xctest; sourceTree = BUILT_PRODUCTS_DIR; };
		02042A7F27892BDA0049ADDF /* InstagramUITests.swift */ = {isa = PBXFileReference; lastKnownFileType = sourcecode.swift; path = InstagramUITests.swift; sourceTree = "<group>"; };
		02042A8127892BDA0049ADDF /* InstagramUITestsLaunchTests.swift */ = {isa = PBXFileReference; lastKnownFileType = sourcecode.swift; path = InstagramUITestsLaunchTests.swift; sourceTree = "<group>"; };
		02640AD727927E0600AF5CA5 /* CommentCell.swift */ = {isa = PBXFileReference; lastKnownFileType = sourcecode.swift; path = CommentCell.swift; sourceTree = "<group>"; };
		02DF4E9027892FF600B8AEF9 /* LoginViewController.swift */ = {isa = PBXFileReference; lastKnownFileType = sourcecode.swift; path = LoginViewController.swift; sourceTree = "<group>"; };
		02DF4E922789300D00B8AEF9 /* FeedViewController.swift */ = {isa = PBXFileReference; lastKnownFileType = sourcecode.swift; path = FeedViewController.swift; sourceTree = "<group>"; };
		02E0EE4A27893C1200F07815 /* CameraViewController.swift */ = {isa = PBXFileReference; lastKnownFileType = sourcecode.swift; path = CameraViewController.swift; sourceTree = "<group>"; };
		02E0EE4C278968D200F07815 /* PostCell.swift */ = {isa = PBXFileReference; lastKnownFileType = sourcecode.swift; path = PostCell.swift; sourceTree = "<group>"; };
		305760B00285DE3116CCCF6F /* Pods_Instagram.framework */ = {isa = PBXFileReference; explicitFileType = wrapper.framework; includeInIndex = 0; path = Pods_Instagram.framework; sourceTree = BUILT_PRODUCTS_DIR; };
		81D83037F0ED382B6D4B9076 /* Pods-Instagram.debug.xcconfig */ = {isa = PBXFileReference; includeInIndex = 1; lastKnownFileType = text.xcconfig; name = "Pods-Instagram.debug.xcconfig"; path = "Target Support Files/Pods-Instagram/Pods-Instagram.debug.xcconfig"; sourceTree = "<group>"; };
		CB4668AE85F2F40637E5152D /* Pods-Instagram.release.xcconfig */ = {isa = PBXFileReference; includeInIndex = 1; lastKnownFileType = text.xcconfig; name = "Pods-Instagram.release.xcconfig"; path = "Target Support Files/Pods-Instagram/Pods-Instagram.release.xcconfig"; sourceTree = "<group>"; };
/* End PBXFileReference section */

/* Begin PBXFrameworksBuildPhase section */
		02042A5827892BD70049ADDF /* Frameworks */ = {
			isa = PBXFrameworksBuildPhase;
			buildActionMask = 2147483647;
			files = (
				F96C1625D4F004E48771EC48 /* Pods_Instagram.framework in Frameworks */,
			);
			runOnlyForDeploymentPostprocessing = 0;
		};
		02042A6E27892BDA0049ADDF /* Frameworks */ = {
			isa = PBXFrameworksBuildPhase;
			buildActionMask = 2147483647;
			files = (
			);
			runOnlyForDeploymentPostprocessing = 0;
		};
		02042A7827892BDA0049ADDF /* Frameworks */ = {
			isa = PBXFrameworksBuildPhase;
			buildActionMask = 2147483647;
			files = (
			);
			runOnlyForDeploymentPostprocessing = 0;
		};
/* End PBXFrameworksBuildPhase section */

/* Begin PBXGroup section */
		02042A5227892BD70049ADDF = {
			isa = PBXGroup;
			children = (
				02042A5D27892BD70049ADDF /* Instagram */,
				02042A7427892BDA0049ADDF /* InstagramTests */,
				02042A7E27892BDA0049ADDF /* InstagramUITests */,
				02042A5C27892BD70049ADDF /* Products */,
				EB6A50DDE1D9F62E5EFF0D97 /* Pods */,
				519F430646FDC443658426D1 /* Frameworks */,
			);
			sourceTree = "<group>";
		};
		02042A5C27892BD70049ADDF /* Products */ = {
			isa = PBXGroup;
			children = (
				02042A5B27892BD70049ADDF /* Instagram.app */,
				02042A7127892BDA0049ADDF /* InstagramTests.xctest */,
				02042A7B27892BDA0049ADDF /* InstagramUITests.xctest */,
			);
			name = Products;
			sourceTree = "<group>";
		};
		02042A5D27892BD70049ADDF /* Instagram */ = {
			isa = PBXGroup;
			children = (
				02042A5E27892BD70049ADDF /* AppDelegate.swift */,
				02042A6027892BD70049ADDF /* SceneDelegate.swift */,
				02042A6427892BD70049ADDF /* Main.storyboard */,
				02042A6727892BDA0049ADDF /* Assets.xcassets */,
				02042A6927892BDA0049ADDF /* LaunchScreen.storyboard */,
				02042A6C27892BDA0049ADDF /* Info.plist */,
				02DF4E9027892FF600B8AEF9 /* LoginViewController.swift */,
				02DF4E922789300D00B8AEF9 /* FeedViewController.swift */,
				02E0EE4A27893C1200F07815 /* CameraViewController.swift */,
				02E0EE4C278968D200F07815 /* PostCell.swift */,
				02640AD727927E0600AF5CA5 /* CommentCell.swift */,
			);
			path = Instagram;
			sourceTree = "<group>";
		};
		02042A7427892BDA0049ADDF /* InstagramTests */ = {
			isa = PBXGroup;
			children = (
				02042A7527892BDA0049ADDF /* InstagramTests.swift */,
			);
			path = InstagramTests;
			sourceTree = "<group>";
		};
		02042A7E27892BDA0049ADDF /* InstagramUITests */ = {
			isa = PBXGroup;
			children = (
				02042A7F27892BDA0049ADDF /* InstagramUITests.swift */,
				02042A8127892BDA0049ADDF /* InstagramUITestsLaunchTests.swift */,
			);
			path = InstagramUITests;
			sourceTree = "<group>";
		};
		519F430646FDC443658426D1 /* Frameworks */ = {
			isa = PBXGroup;
			children = (
				305760B00285DE3116CCCF6F /* Pods_Instagram.framework */,
			);
			name = Frameworks;
			sourceTree = "<group>";
		};
		EB6A50DDE1D9F62E5EFF0D97 /* Pods */ = {
			isa = PBXGroup;
			children = (
				81D83037F0ED382B6D4B9076 /* Pods-Instagram.debug.xcconfig */,
				CB4668AE85F2F40637E5152D /* Pods-Instagram.release.xcconfig */,
			);
			path = Pods;
			sourceTree = "<group>";
		};
/* End PBXGroup section */

/* Begin PBXNativeTarget section */
		02042A5A27892BD70049ADDF /* Instagram */ = {
			isa = PBXNativeTarget;
			buildConfigurationList = 02042A8527892BDA0049ADDF /* Build configuration list for PBXNativeTarget "Instagram" */;
			buildPhases = (
				9A3BD73D6765A03A4400A44D /* [CP] Check Pods Manifest.lock */,
				02042A5727892BD70049ADDF /* Sources */,
				02042A5827892BD70049ADDF /* Frameworks */,
				02042A5927892BD70049ADDF /* Resources */,
				8919AA849628710F47A1900B /* [CP] Embed Pods Frameworks */,
			);
			buildRules = (
			);
			dependencies = (
			);
			name = Instagram;
			productName = Instagram;
			productReference = 02042A5B27892BD70049ADDF /* Instagram.app */;
			productType = "com.apple.product-type.application";
		};
		02042A7027892BDA0049ADDF /* InstagramTests */ = {
			isa = PBXNativeTarget;
			buildConfigurationList = 02042A8827892BDA0049ADDF /* Build configuration list for PBXNativeTarget "InstagramTests" */;
			buildPhases = (
				02042A6D27892BDA0049ADDF /* Sources */,
				02042A6E27892BDA0049ADDF /* Frameworks */,
				02042A6F27892BDA0049ADDF /* Resources */,
			);
			buildRules = (
			);
			dependencies = (
				02042A7327892BDA0049ADDF /* PBXTargetDependency */,
			);
			name = InstagramTests;
			productName = InstagramTests;
			productReference = 02042A7127892BDA0049ADDF /* InstagramTests.xctest */;
			productType = "com.apple.product-type.bundle.unit-test";
		};
		02042A7A27892BDA0049ADDF /* InstagramUITests */ = {
			isa = PBXNativeTarget;
			buildConfigurationList = 02042A8B27892BDA0049ADDF /* Build configuration list for PBXNativeTarget "InstagramUITests" */;
			buildPhases = (
				02042A7727892BDA0049ADDF /* Sources */,
				02042A7827892BDA0049ADDF /* Frameworks */,
				02042A7927892BDA0049ADDF /* Resources */,
			);
			buildRules = (
			);
			dependencies = (
				02042A7D27892BDA0049ADDF /* PBXTargetDependency */,
			);
			name = InstagramUITests;
			productName = InstagramUITests;
			productReference = 02042A7B27892BDA0049ADDF /* InstagramUITests.xctest */;
			productType = "com.apple.product-type.bundle.ui-testing";
		};
/* End PBXNativeTarget section */

/* Begin PBXProject section */
		02042A5327892BD70049ADDF /* Project object */ = {
			isa = PBXProject;
			attributes = {
				BuildIndependentTargetsInParallel = 1;
				LastSwiftUpdateCheck = 1320;
				LastUpgradeCheck = 1320;
				TargetAttributes = {
					02042A5A27892BD70049ADDF = {
						CreatedOnToolsVersion = 13.2.1;
					};
					02042A7027892BDA0049ADDF = {
						CreatedOnToolsVersion = 13.2.1;
						TestTargetID = 02042A5A27892BD70049ADDF;
					};
					02042A7A27892BDA0049ADDF = {
						CreatedOnToolsVersion = 13.2.1;
						TestTargetID = 02042A5A27892BD70049ADDF;
					};
				};
			};
			buildConfigurationList = 02042A5627892BD70049ADDF /* Build configuration list for PBXProject "Instagram" */;
			compatibilityVersion = "Xcode 13.0";
			developmentRegion = en;
			hasScannedForEncodings = 0;
			knownRegions = (
				en,
				Base,
			);
			mainGroup = 02042A5227892BD70049ADDF;
			productRefGroup = 02042A5C27892BD70049ADDF /* Products */;
			projectDirPath = "";
			projectRoot = "";
			targets = (
				02042A5A27892BD70049ADDF /* Instagram */,
				02042A7027892BDA0049ADDF /* InstagramTests */,
				02042A7A27892BDA0049ADDF /* InstagramUITests */,
			);
		};
/* End PBXProject section */

/* Begin PBXResourcesBuildPhase section */
		02042A5927892BD70049ADDF /* Resources */ = {
			isa = PBXResourcesBuildPhase;
			buildActionMask = 2147483647;
			files = (
				02042A6B27892BDA0049ADDF /* LaunchScreen.storyboard in Resources */,
				02042A6827892BDA0049ADDF /* Assets.xcassets in Resources */,
				02042A6627892BD70049ADDF /* Main.storyboard in Resources */,
			);
			runOnlyForDeploymentPostprocessing = 0;
		};
		02042A6F27892BDA0049ADDF /* Resources */ = {
			isa = PBXResourcesBuildPhase;
			buildActionMask = 2147483647;
			files = (
			);
			runOnlyForDeploymentPostprocessing = 0;
		};
		02042A7927892BDA0049ADDF /* Resources */ = {
			isa = PBXResourcesBuildPhase;
			buildActionMask = 2147483647;
			files = (
			);
			runOnlyForDeploymentPostprocessing = 0;
		};
/* End PBXResourcesBuildPhase section */

/* Begin PBXShellScriptBuildPhase section */
		8919AA849628710F47A1900B /* [CP] Embed Pods Frameworks */ = {
			isa = PBXShellScriptBuildPhase;
			buildActionMask = 2147483647;
			files = (
			);
			inputFileListPaths = (
				"${PODS_ROOT}/Target Support Files/Pods-Instagram/Pods-Instagram-frameworks-${CONFIGURATION}-input-files.xcfilelist",
			);
			name = "[CP] Embed Pods Frameworks";
			outputFileListPaths = (
				"${PODS_ROOT}/Target Support Files/Pods-Instagram/Pods-Instagram-frameworks-${CONFIGURATION}-output-files.xcfilelist",
			);
			runOnlyForDeploymentPostprocessing = 0;
			shellPath = /bin/sh;
			shellScript = "\"${PODS_ROOT}/Target Support Files/Pods-Instagram/Pods-Instagram-frameworks.sh\"\n";
			showEnvVarsInLog = 0;
		};
		9A3BD73D6765A03A4400A44D /* [CP] Check Pods Manifest.lock */ = {
			isa = PBXShellScriptBuildPhase;
			buildActionMask = 2147483647;
			files = (
			);
			inputFileListPaths = (
			);
			inputPaths = (
				"${PODS_PODFILE_DIR_PATH}/Podfile.lock",
				"${PODS_ROOT}/Manifest.lock",
			);
			name = "[CP] Check Pods Manifest.lock";
			outputFileListPaths = (
			);
			outputPaths = (
				"$(DERIVED_FILE_DIR)/Pods-Instagram-checkManifestLockResult.txt",
			);
			runOnlyForDeploymentPostprocessing = 0;
			shellPath = /bin/sh;
			shellScript = "diff \"${PODS_PODFILE_DIR_PATH}/Podfile.lock\" \"${PODS_ROOT}/Manifest.lock\" > /dev/null\nif [ $? != 0 ] ; then\n    # print error to STDERR\n    echo \"error: The sandbox is not in sync with the Podfile.lock. Run 'pod install' or update your CocoaPods installation.\" >&2\n    exit 1\nfi\n# This output is used by Xcode 'outputs' to avoid re-running this script phase.\necho \"SUCCESS\" > \"${SCRIPT_OUTPUT_FILE_0}\"\n";
			showEnvVarsInLog = 0;
		};
/* End PBXShellScriptBuildPhase section */

/* Begin PBXSourcesBuildPhase section */
		02042A5727892BD70049ADDF /* Sources */ = {
			isa = PBXSourcesBuildPhase;
			buildActionMask = 2147483647;
			files = (
				02DF4E9127892FF600B8AEF9 /* LoginViewController.swift in Sources */,
				02E0EE4B27893C1200F07815 /* CameraViewController.swift in Sources */,
				02042A5F27892BD70049ADDF /* AppDelegate.swift in Sources */,
				02DF4E932789300D00B8AEF9 /* FeedViewController.swift in Sources */,
				02042A6127892BD70049ADDF /* SceneDelegate.swift in Sources */,
				02E0EE4D278968D200F07815 /* PostCell.swift in Sources */,
				02640AD827927E0600AF5CA5 /* CommentCell.swift in Sources */,
			);
			runOnlyForDeploymentPostprocessing = 0;
		};
		02042A6D27892BDA0049ADDF /* Sources */ = {
			isa = PBXSourcesBuildPhase;
			buildActionMask = 2147483647;
			files = (
				02042A7627892BDA0049ADDF /* InstagramTests.swift in Sources */,
			);
			runOnlyForDeploymentPostprocessing = 0;
		};
		02042A7727892BDA0049ADDF /* Sources */ = {
			isa = PBXSourcesBuildPhase;
			buildActionMask = 2147483647;
			files = (
				02042A8027892BDA0049ADDF /* InstagramUITests.swift in Sources */,
				02042A8227892BDA0049ADDF /* InstagramUITestsLaunchTests.swift in Sources */,
			);
			runOnlyForDeploymentPostprocessing = 0;
		};
/* End PBXSourcesBuildPhase section */

/* Begin PBXTargetDependency section */
		02042A7327892BDA0049ADDF /* PBXTargetDependency */ = {
			isa = PBXTargetDependency;
			target = 02042A5A27892BD70049ADDF /* Instagram */;
			targetProxy = 02042A7227892BDA0049ADDF /* PBXContainerItemProxy */;
		};
		02042A7D27892BDA0049ADDF /* PBXTargetDependency */ = {
			isa = PBXTargetDependency;
			target = 02042A5A27892BD70049ADDF /* Instagram */;
			targetProxy = 02042A7C27892BDA0049ADDF /* PBXContainerItemProxy */;
		};
/* End PBXTargetDependency section */

/* Begin PBXVariantGroup section */
		02042A6427892BD70049ADDF /* Main.storyboard */ = {
			isa = PBXVariantGroup;
			children = (
				02042A6527892BD70049ADDF /* Base */,
			);
			name = Main.storyboard;
			sourceTree = "<group>";
		};
		02042A6927892BDA0049ADDF /* LaunchScreen.storyboard */ = {
			isa = PBXVariantGroup;
			children = (
				02042A6A27892BDA0049ADDF /* Base */,
			);
			name = LaunchScreen.storyboard;
			sourceTree = "<group>";
		};
/* End PBXVariantGroup section */

/* Begin XCBuildConfiguration section */
		02042A8327892BDA0049ADDF /* Debug */ = {
			isa = XCBuildConfiguration;
			buildSettings = {
				ALWAYS_SEARCH_USER_PATHS = NO;
				CLANG_ANALYZER_NONNULL = YES;
				CLANG_ANALYZER_NUMBER_OBJECT_CONVERSION = YES_AGGRESSIVE;
				CLANG_CXX_LANGUAGE_STANDARD = "gnu++17";
				CLANG_CXX_LIBRARY = "libc++";
				CLANG_ENABLE_MODULES = YES;
				CLANG_ENABLE_OBJC_ARC = YES;
				CLANG_ENABLE_OBJC_WEAK = YES;
				CLANG_WARN_BLOCK_CAPTURE_AUTORELEASING = YES;
				CLANG_WARN_BOOL_CONVERSION = YES;
				CLANG_WARN_COMMA = YES;
				CLANG_WARN_CONSTANT_CONVERSION = YES;
				CLANG_WARN_DEPRECATED_OBJC_IMPLEMENTATIONS = YES;
				CLANG_WARN_DIRECT_OBJC_ISA_USAGE = YES_ERROR;
				CLANG_WARN_DOCUMENTATION_COMMENTS = YES;
				CLANG_WARN_EMPTY_BODY = YES;
				CLANG_WARN_ENUM_CONVERSION = YES;
				CLANG_WARN_INFINITE_RECURSION = YES;
				CLANG_WARN_INT_CONVERSION = YES;
				CLANG_WARN_NON_LITERAL_NULL_CONVERSION = YES;
				CLANG_WARN_OBJC_IMPLICIT_RETAIN_SELF = YES;
				CLANG_WARN_OBJC_LITERAL_CONVERSION = YES;
				CLANG_WARN_OBJC_ROOT_CLASS = YES_ERROR;
				CLANG_WARN_QUOTED_INCLUDE_IN_FRAMEWORK_HEADER = YES;
				CLANG_WARN_RANGE_LOOP_ANALYSIS = YES;
				CLANG_WARN_STRICT_PROTOTYPES = YES;
				CLANG_WARN_SUSPICIOUS_MOVE = YES;
				CLANG_WARN_UNGUARDED_AVAILABILITY = YES_AGGRESSIVE;
				CLANG_WARN_UNREACHABLE_CODE = YES;
				CLANG_WARN__DUPLICATE_METHOD_MATCH = YES;
				COPY_PHASE_STRIP = NO;
				DEBUG_INFORMATION_FORMAT = dwarf;
				ENABLE_STRICT_OBJC_MSGSEND = YES;
				ENABLE_TESTABILITY = YES;
				GCC_C_LANGUAGE_STANDARD = gnu11;
				GCC_DYNAMIC_NO_PIC = NO;
				GCC_NO_COMMON_BLOCKS = YES;
				GCC_OPTIMIZATION_LEVEL = 0;
				GCC_PREPROCESSOR_DEFINITIONS = (
					"DEBUG=1",
					"$(inherited)",
				);
				GCC_WARN_64_TO_32_BIT_CONVERSION = YES;
				GCC_WARN_ABOUT_RETURN_TYPE = YES_ERROR;
				GCC_WARN_UNDECLARED_SELECTOR = YES;
				GCC_WARN_UNINITIALIZED_AUTOS = YES_AGGRESSIVE;
				GCC_WARN_UNUSED_FUNCTION = YES;
				GCC_WARN_UNUSED_VARIABLE = YES;
				IPHONEOS_DEPLOYMENT_TARGET = 15.2;
				MTL_ENABLE_DEBUG_INFO = INCLUDE_SOURCE;
				MTL_FAST_MATH = YES;
				ONLY_ACTIVE_ARCH = YES;
				SDKROOT = iphoneos;
				SWIFT_ACTIVE_COMPILATION_CONDITIONS = DEBUG;
				SWIFT_OPTIMIZATION_LEVEL = "-Onone";
			};
			name = Debug;
		};
		02042A8427892BDA0049ADDF /* Release */ = {
			isa = XCBuildConfiguration;
			buildSettings = {
				ALWAYS_SEARCH_USER_PATHS = NO;
				CLANG_ANALYZER_NONNULL = YES;
				CLANG_ANALYZER_NUMBER_OBJECT_CONVERSION = YES_AGGRESSIVE;
				CLANG_CXX_LANGUAGE_STANDARD = "gnu++17";
				CLANG_CXX_LIBRARY = "libc++";
				CLANG_ENABLE_MODULES = YES;
				CLANG_ENABLE_OBJC_ARC = YES;
				CLANG_ENABLE_OBJC_WEAK = YES;
				CLANG_WARN_BLOCK_CAPTURE_AUTORELEASING = YES;
				CLANG_WARN_BOOL_CONVERSION = YES;
				CLANG_WARN_COMMA = YES;
				CLANG_WARN_CONSTANT_CONVERSION = YES;
				CLANG_WARN_DEPRECATED_OBJC_IMPLEMENTATIONS = YES;
				CLANG_WARN_DIRECT_OBJC_ISA_USAGE = YES_ERROR;
				CLANG_WARN_DOCUMENTATION_COMMENTS = YES;
				CLANG_WARN_EMPTY_BODY = YES;
				CLANG_WARN_ENUM_CONVERSION = YES;
				CLANG_WARN_INFINITE_RECURSION = YES;
				CLANG_WARN_INT_CONVERSION = YES;
				CLANG_WARN_NON_LITERAL_NULL_CONVERSION = YES;
				CLANG_WARN_OBJC_IMPLICIT_RETAIN_SELF = YES;
				CLANG_WARN_OBJC_LITERAL_CONVERSION = YES;
				CLANG_WARN_OBJC_ROOT_CLASS = YES_ERROR;
				CLANG_WARN_QUOTED_INCLUDE_IN_FRAMEWORK_HEADER = YES;
				CLANG_WARN_RANGE_LOOP_ANALYSIS = YES;
				CLANG_WARN_STRICT_PROTOTYPES = YES;
				CLANG_WARN_SUSPICIOUS_MOVE = YES;
				CLANG_WARN_UNGUARDED_AVAILABILITY = YES_AGGRESSIVE;
				CLANG_WARN_UNREACHABLE_CODE = YES;
				CLANG_WARN__DUPLICATE_METHOD_MATCH = YES;
				COPY_PHASE_STRIP = NO;
				DEBUG_INFORMATION_FORMAT = "dwarf-with-dsym";
				ENABLE_NS_ASSERTIONS = NO;
				ENABLE_STRICT_OBJC_MSGSEND = YES;
				GCC_C_LANGUAGE_STANDARD = gnu11;
				GCC_NO_COMMON_BLOCKS = YES;
				GCC_WARN_64_TO_32_BIT_CONVERSION = YES;
				GCC_WARN_ABOUT_RETURN_TYPE = YES_ERROR;
				GCC_WARN_UNDECLARED_SELECTOR = YES;
				GCC_WARN_UNINITIALIZED_AUTOS = YES_AGGRESSIVE;
				GCC_WARN_UNUSED_FUNCTION = YES;
				GCC_WARN_UNUSED_VARIABLE = YES;
				IPHONEOS_DEPLOYMENT_TARGET = 15.2;
				MTL_ENABLE_DEBUG_INFO = NO;
				MTL_FAST_MATH = YES;
				SDKROOT = iphoneos;
				SWIFT_COMPILATION_MODE = wholemodule;
				SWIFT_OPTIMIZATION_LEVEL = "-O";
				VALIDATE_PRODUCT = YES;
			};
			name = Release;
		};
		02042A8627892BDA0049ADDF /* Debug */ = {
			isa = XCBuildConfiguration;
			baseConfigurationReference = 81D83037F0ED382B6D4B9076 /* Pods-Instagram.debug.xcconfig */;
			buildSettings = {
				ASSETCATALOG_COMPILER_APPICON_NAME = AppIcon;
				ASSETCATALOG_COMPILER_GLOBAL_ACCENT_COLOR_NAME = AccentColor;
				CODE_SIGN_STYLE = Automatic;
				CURRENT_PROJECT_VERSION = 1;
				DEVELOPMENT_TEAM = 45R6M88XBC;
				GENERATE_INFOPLIST_FILE = YES;
				INFOPLIST_FILE = Instagram/Info.plist;
				INFOPLIST_KEY_UIApplicationSupportsIndirectInputEvents = YES;
				INFOPLIST_KEY_UILaunchStoryboardName = LaunchScreen;
				INFOPLIST_KEY_UIMainStoryboardFile = Main;
				INFOPLIST_KEY_UISupportedInterfaceOrientations_iPad = "UIInterfaceOrientationPortrait UIInterfaceOrientationPortraitUpsideDown UIInterfaceOrientationLandscapeLeft UIInterfaceOrientationLandscapeRight";
				INFOPLIST_KEY_UISupportedInterfaceOrientations_iPhone = "UIInterfaceOrientationPortrait UIInterfaceOrientationLandscapeLeft UIInterfaceOrientationLandscapeRight";
				LD_RUNPATH_SEARCH_PATHS = (
					"$(inherited)",
					"@executable_path/Frameworks",
				);
				MARKETING_VERSION = 1.0;
				PRODUCT_BUNDLE_IDENTIFIER = com.zeepada.Instagram;
				PRODUCT_NAME = "$(TARGET_NAME)";
				SWIFT_EMIT_LOC_STRINGS = YES;
				SWIFT_VERSION = 5.0;
				TARGETED_DEVICE_FAMILY = "1,2";
			};
			name = Debug;
		};
		02042A8727892BDA0049ADDF /* Release */ = {
			isa = XCBuildConfiguration;
			baseConfigurationReference = CB4668AE85F2F40637E5152D /* Pods-Instagram.release.xcconfig */;
			buildSettings = {
				ASSETCATALOG_COMPILER_APPICON_NAME = AppIcon;
				ASSETCATALOG_COMPILER_GLOBAL_ACCENT_COLOR_NAME = AccentColor;
				CODE_SIGN_STYLE = Automatic;
				CURRENT_PROJECT_VERSION = 1;
				DEVELOPMENT_TEAM = 45R6M88XBC;
				GENERATE_INFOPLIST_FILE = YES;
				INFOPLIST_FILE = Instagram/Info.plist;
				INFOPLIST_KEY_UIApplicationSupportsIndirectInputEvents = YES;
				INFOPLIST_KEY_UILaunchStoryboardName = LaunchScreen;
				INFOPLIST_KEY_UIMainStoryboardFile = Main;
				INFOPLIST_KEY_UISupportedInterfaceOrientations_iPad = "UIInterfaceOrientationPortrait UIInterfaceOrientationPortraitUpsideDown UIInterfaceOrientationLandscapeLeft UIInterfaceOrientationLandscapeRight";
				INFOPLIST_KEY_UISupportedInterfaceOrientations_iPhone = "UIInterfaceOrientationPortrait UIInterfaceOrientationLandscapeLeft UIInterfaceOrientationLandscapeRight";
				LD_RUNPATH_SEARCH_PATHS = (
					"$(inherited)",
					"@executable_path/Frameworks",
				);
				MARKETING_VERSION = 1.0;
				PRODUCT_BUNDLE_IDENTIFIER = com.zeepada.Instagram;
				PRODUCT_NAME = "$(TARGET_NAME)";
				SWIFT_EMIT_LOC_STRINGS = YES;
				SWIFT_VERSION = 5.0;
				TARGETED_DEVICE_FAMILY = "1,2";
			};
			name = Release;
		};
		02042A8927892BDA0049ADDF /* Debug */ = {
			isa = XCBuildConfiguration;
			buildSettings = {
				ALWAYS_EMBED_SWIFT_STANDARD_LIBRARIES = YES;
				BUNDLE_LOADER = "$(TEST_HOST)";
				CODE_SIGN_STYLE = Automatic;
				CURRENT_PROJECT_VERSION = 1;
				DEVELOPMENT_TEAM = 45R6M88XBC;
				GENERATE_INFOPLIST_FILE = YES;
				IPHONEOS_DEPLOYMENT_TARGET = 15.2;
				MARKETING_VERSION = 1.0;
				PRODUCT_BUNDLE_IDENTIFIER = com.zeepada.InstagramTests;
				PRODUCT_NAME = "$(TARGET_NAME)";
				SWIFT_EMIT_LOC_STRINGS = NO;
				SWIFT_VERSION = 5.0;
				TARGETED_DEVICE_FAMILY = "1,2";
				TEST_HOST = "$(BUILT_PRODUCTS_DIR)/Instagram.app/Instagram";
			};
			name = Debug;
		};
		02042A8A27892BDA0049ADDF /* Release */ = {
			isa = XCBuildConfiguration;
			buildSettings = {
				ALWAYS_EMBED_SWIFT_STANDARD_LIBRARIES = YES;
				BUNDLE_LOADER = "$(TEST_HOST)";
				CODE_SIGN_STYLE = Automatic;
				CURRENT_PROJECT_VERSION = 1;
				DEVELOPMENT_TEAM = 45R6M88XBC;
				GENERATE_INFOPLIST_FILE = YES;
				IPHONEOS_DEPLOYMENT_TARGET = 15.2;
				MARKETING_VERSION = 1.0;
				PRODUCT_BUNDLE_IDENTIFIER = com.zeepada.InstagramTests;
				PRODUCT_NAME = "$(TARGET_NAME)";
				SWIFT_EMIT_LOC_STRINGS = NO;
				SWIFT_VERSION = 5.0;
				TARGETED_DEVICE_FAMILY = "1,2";
				TEST_HOST = "$(BUILT_PRODUCTS_DIR)/Instagram.app/Instagram";
			};
			name = Release;
		};
		02042A8C27892BDA0049ADDF /* Debug */ = {
			isa = XCBuildConfiguration;
			buildSettings = {
				ALWAYS_EMBED_SWIFT_STANDARD_LIBRARIES = YES;
				CODE_SIGN_STYLE = Automatic;
				CURRENT_PROJECT_VERSION = 1;
				DEVELOPMENT_TEAM = 45R6M88XBC;
				GENERATE_INFOPLIST_FILE = YES;
				MARKETING_VERSION = 1.0;
				PRODUCT_BUNDLE_IDENTIFIER = com.zeepada.InstagramUITests;
				PRODUCT_NAME = "$(TARGET_NAME)";
				SWIFT_EMIT_LOC_STRINGS = NO;
				SWIFT_VERSION = 5.0;
				TARGETED_DEVICE_FAMILY = "1,2";
				TEST_TARGET_NAME = Instagram;
			};
			name = Debug;
		};
		02042A8D27892BDA0049ADDF /* Release */ = {
			isa = XCBuildConfiguration;
			buildSettings = {
				ALWAYS_EMBED_SWIFT_STANDARD_LIBRARIES = YES;
				CODE_SIGN_STYLE = Automatic;
				CURRENT_PROJECT_VERSION = 1;
				DEVELOPMENT_TEAM = 45R6M88XBC;
				GENERATE_INFOPLIST_FILE = YES;
				MARKETING_VERSION = 1.0;
				PRODUCT_BUNDLE_IDENTIFIER = com.zeepada.InstagramUITests;
				PRODUCT_NAME = "$(TARGET_NAME)";
				SWIFT_EMIT_LOC_STRINGS = NO;
				SWIFT_VERSION = 5.0;
				TARGETED_DEVICE_FAMILY = "1,2";
				TEST_TARGET_NAME = Instagram;
			};
			name = Release;
		};
/* End XCBuildConfiguration section */

/* Begin XCConfigurationList section */
		02042A5627892BD70049ADDF /* Build configuration list for PBXProject "Instagram" */ = {
			isa = XCConfigurationList;
			buildConfigurations = (
				02042A8327892BDA0049ADDF /* Debug */,
				02042A8427892BDA0049ADDF /* Release */,
			);
			defaultConfigurationIsVisible = 0;
			defaultConfigurationName = Release;
		};
		02042A8527892BDA0049ADDF /* Build configuration list for PBXNativeTarget "Instagram" */ = {
			isa = XCConfigurationList;
			buildConfigurations = (
				02042A8627892BDA0049ADDF /* Debug */,
				02042A8727892BDA0049ADDF /* Release */,
			);
			defaultConfigurationIsVisible = 0;
			defaultConfigurationName = Release;
		};
		02042A8827892BDA0049ADDF /* Build configuration list for PBXNativeTarget "InstagramTests" */ = {
			isa = XCConfigurationList;
			buildConfigurations = (
				02042A8927892BDA0049ADDF /* Debug */,
				02042A8A27892BDA0049ADDF /* Release */,
			);
			defaultConfigurationIsVisible = 0;
			defaultConfigurationName = Release;
		};
		02042A8B27892BDA0049ADDF /* Build configuration list for PBXNativeTarget "InstagramUITests" */ = {
			isa = XCConfigurationList;
			buildConfigurations = (
				02042A8C27892BDA0049ADDF /* Debug */,
				02042A8D27892BDA0049ADDF /* Release */,
			);
			defaultConfigurationIsVisible = 0;
			defaultConfigurationName = Release;
		};
/* End XCConfigurationList section */
	};
	rootObject = 02042A5327892BD70049ADDF /* Project object */;
}
